
Microsoft Visual Studio Solution File, Format Version 12.00
# Visual Studio Version 17
VisualStudioVersion = 17.2.32616.157
MinimumVisualStudioVersion = 10.0.40219.1
Project("{FAE04EC0-301F-11D3-BF4B-00C04F79EFBC}") = "AspNetCoreWebApi6", "AspNetCoreWebApi6\AspNetCoreWebApi6.csproj", "{453B2C26-14F4-4BC9-A252-8548D2CCCA27}"
EndProject
Global
	GlobalSection(SolutionConfigurationPlatforms) = preSolution
		Debug|Any CPU = Debug|Any CPU
		Release|Any CPU = Release|Any CPU
	EndGlobalSection
	GlobalSection(ProjectConfigurationPlatforms) = postSolution
		{453B2C26-14F4-4BC9-A252-8548D2CCCA27}.Debug|Any CPU.ActiveCfg = Debug|Any CPU
		{453B2C26-14F4-4BC9-A252-8548D2CCCA27}.Debug|Any CPU.Build.0 = Debug|Any CPU
		{453B2C26-14F4-4BC9-A252-8548D2CCCA27}.Release|Any CPU.ActiveCfg = Release|Any CPU
		{453B2C26-14F4-4BC9-A252-8548D2CCCA27}.Release|Any CPU.Build.0 = Release|Any CPU
	EndGlobalSection
	GlobalSection(SolutionProperties) = preSolution
		HideSolutionNode = FALSE
	EndGlobalSection
	GlobalSection(ExtensibilityGlobals) = postSolution
		SolutionGuid = {6BC2E8BF-D8BD-436C-9610-1E4CC6EF11A3}
	EndGlobalSection
EndGlobal
